
Microsoft Visual Studio Solution File, Format Version 12.00
# Visual Studio Version 16
VisualStudioVersion = 16.0.31112.23
MinimumVisualStudioVersion = 10.0.40219.1
Project("{FAE04EC0-301F-11D3-BF4B-00C04F79EFBC}") = "SeuIMC", "SeuIMC.csproj", "{8712CBBF-6B8E-4050-A358-E97D22E76B4F}"
EndProject
Global
	GlobalSection(SolutionConfigurationPlatforms) = preSolution
		Debug|Any CPU = Debug|Any CPU
		Release|Any CPU = Release|Any CPU
	EndGlobalSection
	GlobalSection(ProjectConfigurationPlatforms) = postSolution
		{8712CBBF-6B8E-4050-A358-E97D22E76B4F}.Debug|Any CPU.ActiveCfg = Debug|Any CPU
		{8712CBBF-6B8E-4050-A358-E97D22E76B4F}.Debug|Any CPU.Build.0 = Debug|Any CPU
		{8712CBBF-6B8E-4050-A358-E97D22E76B4F}.Release|Any CPU.ActiveCfg = Release|Any CPU
		{8712CBBF-6B8E-4050-A358-E97D22E76B4F}.Release|Any CPU.Build.0 = Release|Any CPU
	EndGlobalSection
	GlobalSection(SolutionProperties) = preSolution
		HideSolutionNode = FALSE
	EndGlobalSection
	GlobalSection(ExtensibilityGlobals) = postSolution
		SolutionGuid = {0A0897FC-E57F-4F99-8BE9-082C3C982AEF}
	EndGlobalSection
EndGlobal
